
Microsoft Visual Studio Solution File, Format Version 12.00
# Visual Studio 15
Project("{FAE04EC0-301F-11D3-BF4B-00C04F79EFBC}") = "Assembly-CSharp", "Assembly-CSharp.csproj", "{F2876638-EF5F-531D-25D2-178ED41E9B4A}"
EndProject
Project("{FAE04EC0-301F-11D3-BF4B-00C04F79EFBC}") = "Assembly-CSharp-Editor-firstpass", "Assembly-CSharp-Editor-firstpass.csproj", "{719C2FBF-40B8-151A-8A14-4889E3387DC8}"
EndProject
Global
	GlobalSection(SolutionConfigurationPlatforms) = preSolution
		Debug|Any CPU = Debug|Any CPU
		Release|Any CPU = Release|Any CPU
	EndGlobalSection
	GlobalSection(ProjectConfigurationPlatforms) = postSolution
		{F2876638-EF5F-531D-25D2-178ED41E9B4A}.Debug|Any CPU.ActiveCfg = Debug|Any CPU
		{F2876638-EF5F-531D-25D2-178ED41E9B4A}.Debug|Any CPU.Build.0 = Debug|Any CPU
		{F2876638-EF5F-531D-25D2-178ED41E9B4A}.Release|Any CPU.ActiveCfg = Release|Any CPU
		{F2876638-EF5F-531D-25D2-178ED41E9B4A}.Release|Any CPU.Build.0 = Release|Any CPU
		{719C2FBF-40B8-151A-8A14-4889E3387DC8}.Debug|Any CPU.ActiveCfg = Debug|Any CPU
		{719C2FBF-40B8-151A-8A14-4889E3387DC8}.Debug|Any CPU.Build.0 = Debug|Any CPU
		{719C2FBF-40B8-151A-8A14-4889E3387DC8}.Release|Any CPU.ActiveCfg = Release|Any CPU
		{719C2FBF-40B8-151A-8A14-4889E3387DC8}.Release|Any CPU.Build.0 = Release|Any CPU
	EndGlobalSection
	GlobalSection(SolutionProperties) = preSolution
		HideSolutionNode = FALSE
	EndGlobalSection
EndGlobal
